
Microsoft Visual Studio Solution File, Format Version 12.00
# Visual Studio Version 17
VisualStudioVersion = 17.0.31903.59
MinimumVisualStudioVersion = 10.0.40219.1
Project("{2150E333-8FDC-42A3-9474-1A3956D46DE8}") = "src", "src", "{827E0CD3-B72D-47B6-A68D-7590B98EB39B}"
EndProject
Project("{FAE04EC0-301F-11D3-BF4B-00C04F79EFBC}") = "Hangfire.Idempotent", "src\Hangfire.Idempotent\Hangfire.Idempotent.csproj", "{2C9FABC5-658D-4085-9EEF-88C87DB15ADA}"
EndProject
Project("{FAE04EC0-301F-11D3-BF4B-00C04F79EFBC}") = "TestHangfireIdempotent", "Tests\TestHangfireIdempotent\TestHangfireIdempotent.csproj", "{8651E0BA-ED72-41E0-B831-F0512854CF90}"
EndProject
Project("{2150E333-8FDC-42A3-9474-1A3956D46DE8}") = "Solution Items", "Solution Items", "{617472D1-C75D-4797-BF0D-9B03E1CFF57E}"
	ProjectSection(SolutionItems) = preProject
		README.md = README.md
	EndProjectSection
EndProject
Global
	GlobalSection(SolutionConfigurationPlatforms) = preSolution
		Debug|Any CPU = Debug|Any CPU
		Debug|x64 = Debug|x64
		Debug|x86 = Debug|x86
		Release|Any CPU = Release|Any CPU
		Release|x64 = Release|x64
		Release|x86 = Release|x86
	EndGlobalSection
	GlobalSection(ProjectConfigurationPlatforms) = postSolution
		{2C9FABC5-658D-4085-9EEF-88C87DB15ADA}.Debug|Any CPU.ActiveCfg = Debug|Any CPU
		{2C9FABC5-658D-4085-9EEF-88C87DB15ADA}.Debug|Any CPU.Build.0 = Debug|Any CPU
		{2C9FABC5-658D-4085-9EEF-88C87DB15ADA}.Debug|x64.ActiveCfg = Debug|Any CPU
		{2C9FABC5-658D-4085-9EEF-88C87DB15ADA}.Debug|x64.Build.0 = Debug|Any CPU
		{2C9FABC5-658D-4085-9EEF-88C87DB15ADA}.Debug|x86.ActiveCfg = Debug|Any CPU
		{2C9FABC5-658D-4085-9EEF-88C87DB15ADA}.Debug|x86.Build.0 = Debug|Any CPU
		{2C9FABC5-658D-4085-9EEF-88C87DB15ADA}.Release|Any CPU.ActiveCfg = Release|Any CPU
		{2C9FABC5-658D-4085-9EEF-88C87DB15ADA}.Release|Any CPU.Build.0 = Release|Any CPU
		{2C9FABC5-658D-4085-9EEF-88C87DB15ADA}.Release|x64.ActiveCfg = Release|Any CPU
		{2C9FABC5-658D-4085-9EEF-88C87DB15ADA}.Release|x64.Build.0 = Release|Any CPU
		{2C9FABC5-658D-4085-9EEF-88C87DB15ADA}.Release|x86.ActiveCfg = Release|Any CPU
		{2C9FABC5-658D-4085-9EEF-88C87DB15ADA}.Release|x86.Build.0 = Release|Any CPU
		{8651E0BA-ED72-41E0-B831-F0512854CF90}.Debug|Any CPU.ActiveCfg = Debug|Any CPU
		{8651E0BA-ED72-41E0-B831-F0512854CF90}.Debug|Any CPU.Build.0 = Debug|Any CPU
		{8651E0BA-ED72-41E0-B831-F0512854CF90}.Debug|x64.ActiveCfg = Debug|Any CPU
		{8651E0BA-ED72-41E0-B831-F0512854CF90}.Debug|x64.Build.0 = Debug|Any CPU
		{8651E0BA-ED72-41E0-B831-F0512854CF90}.Debug|x86.ActiveCfg = Debug|Any CPU
		{8651E0BA-ED72-41E0-B831-F0512854CF90}.Debug|x86.Build.0 = Debug|Any CPU
		{8651E0BA-ED72-41E0-B831-F0512854CF90}.Release|Any CPU.ActiveCfg = Release|Any CPU
		{8651E0BA-ED72-41E0-B831-F0512854CF90}.Release|Any CPU.Build.0 = Release|Any CPU
		{8651E0BA-ED72-41E0-B831-F0512854CF90}.Release|x64.ActiveCfg = Release|Any CPU
		{8651E0BA-ED72-41E0-B831-F0512854CF90}.Release|x64.Build.0 = Release|Any CPU
		{8651E0BA-ED72-41E0-B831-F0512854CF90}.Release|x86.ActiveCfg = Release|Any CPU
		{8651E0BA-ED72-41E0-B831-F0512854CF90}.Release|x86.Build.0 = Release|Any CPU
	EndGlobalSection
	GlobalSection(SolutionProperties) = preSolution
		HideSolutionNode = FALSE
	EndGlobalSection
	GlobalSection(NestedProjects) = preSolution
		{2C9FABC5-658D-4085-9EEF-88C87DB15ADA} = {827E0CD3-B72D-47B6-A68D-7590B98EB39B}
	EndGlobalSection
EndGlobal
